
Microsoft Visual Studio Solution File, Format Version 12.00
# Visual Studio Version 17
VisualStudioVersion = 17.4.33403.182
MinimumVisualStudioVersion = 10.0.40219.1
Project("{FAE04EC0-301F-11D3-BF4B-00C04F79EFBC}") = "ATMMVCApplication", "ATMMVCApplication\ATMMVCApplication.csproj", "{571E9D99-953C-4C7D-B995-E3971694D952}"
EndProject
Project("{FAE04EC0-301F-11D3-BF4B-00C04F79EFBC}") = "ATMDataAccess", "ATMDataAccess\ATMDataAccess.csproj", "{CD588D36-FD3D-4753-8C5A-85115F2BCE61}"
EndProject
Global
	GlobalSection(SolutionConfigurationPlatforms) = preSolution
		Debug|Any CPU = Debug|Any CPU
		Release|Any CPU = Release|Any CPU
	EndGlobalSection
	GlobalSection(ProjectConfigurationPlatforms) = postSolution
		{571E9D99-953C-4C7D-B995-E3971694D952}.Debug|Any CPU.ActiveCfg = Debug|Any CPU
		{571E9D99-953C-4C7D-B995-E3971694D952}.Debug|Any CPU.Build.0 = Debug|Any CPU
		{571E9D99-953C-4C7D-B995-E3971694D952}.Release|Any CPU.ActiveCfg = Release|Any CPU
		{571E9D99-953C-4C7D-B995-E3971694D952}.Release|Any CPU.Build.0 = Release|Any CPU
		{CD588D36-FD3D-4753-8C5A-85115F2BCE61}.Debug|Any CPU.ActiveCfg = Debug|Any CPU
		{CD588D36-FD3D-4753-8C5A-85115F2BCE61}.Debug|Any CPU.Build.0 = Debug|Any CPU
		{CD588D36-FD3D-4753-8C5A-85115F2BCE61}.Release|Any CPU.ActiveCfg = Release|Any CPU
		{CD588D36-FD3D-4753-8C5A-85115F2BCE61}.Release|Any CPU.Build.0 = Release|Any CPU
	EndGlobalSection
	GlobalSection(SolutionProperties) = preSolution
		HideSolutionNode = FALSE
	EndGlobalSection
	GlobalSection(ExtensibilityGlobals) = postSolution
		SolutionGuid = {7AB272EF-AD8D-4A22-ACFC-74C6232EC7C5}
	EndGlobalSection
EndGlobal
